
Microsoft Visual Studio Solution File, Format Version 12.00
# Visual Studio Version 16
VisualStudioVersion = 16.0.30523.141
MinimumVisualStudioVersion = 10.0.40219.1
Project("{FAE04EC0-301F-11D3-BF4B-00C04F79EFBC}") = "Lab8", "Lab8\Lab8.csproj", "{1207F1C4-8289-4F10-B4ED-4EA14BC10AE3}"
EndProject
Global
	GlobalSection(SolutionConfigurationPlatforms) = preSolution
		Debug|Any CPU = Debug|Any CPU
		Release|Any CPU = Release|Any CPU
	EndGlobalSection
	GlobalSection(ProjectConfigurationPlatforms) = postSolution
		{1207F1C4-8289-4F10-B4ED-4EA14BC10AE3}.Debug|Any CPU.ActiveCfg = Debug|Any CPU
		{1207F1C4-8289-4F10-B4ED-4EA14BC10AE3}.Debug|Any CPU.Build.0 = Debug|Any CPU
		{1207F1C4-8289-4F10-B4ED-4EA14BC10AE3}.Release|Any CPU.ActiveCfg = Release|Any CPU
		{1207F1C4-8289-4F10-B4ED-4EA14BC10AE3}.Release|Any CPU.Build.0 = Release|Any CPU
	EndGlobalSection
	GlobalSection(SolutionProperties) = preSolution
		HideSolutionNode = FALSE
	EndGlobalSection
	GlobalSection(ExtensibilityGlobals) = postSolution
		SolutionGuid = {F46AAE0C-18C6-4491-BFC6-1250DF5BDFC7}
	EndGlobalSection
EndGlobal
