
Microsoft Visual Studio Solution File, Format Version 12.00
# Visual Studio Version 16
VisualStudioVersion = 16.0.30413.136
MinimumVisualStudioVersion = 10.0.40219.1
Project("{FAE04EC0-301F-11D3-BF4B-00C04F79EFBC}") = "Lab3", "Lab3\Lab3.csproj", "{B9B6DF04-B545-4301-87B9-B28074F46275}"
EndProject
Global
	GlobalSection(SolutionConfigurationPlatforms) = preSolution
		Debug|Any CPU = Debug|Any CPU
		Release|Any CPU = Release|Any CPU
	EndGlobalSection
	GlobalSection(ProjectConfigurationPlatforms) = postSolution
		{B9B6DF04-B545-4301-87B9-B28074F46275}.Debug|Any CPU.ActiveCfg = Debug|Any CPU
		{B9B6DF04-B545-4301-87B9-B28074F46275}.Debug|Any CPU.Build.0 = Debug|Any CPU
		{B9B6DF04-B545-4301-87B9-B28074F46275}.Release|Any CPU.ActiveCfg = Release|Any CPU
		{B9B6DF04-B545-4301-87B9-B28074F46275}.Release|Any CPU.Build.0 = Release|Any CPU
	EndGlobalSection
	GlobalSection(SolutionProperties) = preSolution
		HideSolutionNode = FALSE
	EndGlobalSection
	GlobalSection(ExtensibilityGlobals) = postSolution
		SolutionGuid = {911C3CD1-8C64-4634-99F0-2E48F103BF58}
	EndGlobalSection
EndGlobal
