
Microsoft Visual Studio Solution File, Format Version 12.00
# Visual Studio Version 16
VisualStudioVersion = 16.0.30114.105
MinimumVisualStudioVersion = 10.0.40219.1
Project("{FAE04EC0-301F-11D3-BF4B-00C04F79EFBC}") = "Lab4", "Lab4\Lab4.csproj", "{DE14E210-C85D-434F-8863-DF55A3C5AC1E}"
EndProject
Global
	GlobalSection(SolutionConfigurationPlatforms) = preSolution
		Debug|Any CPU = Debug|Any CPU
		Release|Any CPU = Release|Any CPU
	EndGlobalSection
	GlobalSection(ProjectConfigurationPlatforms) = postSolution
		{DE14E210-C85D-434F-8863-DF55A3C5AC1E}.Debug|Any CPU.ActiveCfg = Debug|Any CPU
		{DE14E210-C85D-434F-8863-DF55A3C5AC1E}.Debug|Any CPU.Build.0 = Debug|Any CPU
		{DE14E210-C85D-434F-8863-DF55A3C5AC1E}.Release|Any CPU.ActiveCfg = Release|Any CPU
		{DE14E210-C85D-434F-8863-DF55A3C5AC1E}.Release|Any CPU.Build.0 = Release|Any CPU
	EndGlobalSection
	GlobalSection(SolutionProperties) = preSolution
		HideSolutionNode = FALSE
	EndGlobalSection
	GlobalSection(ExtensibilityGlobals) = postSolution
		SolutionGuid = {2E0C28FE-B1D9-4E3D-B67E-50E812211F2C}
	EndGlobalSection
EndGlobal
