
Microsoft Visual Studio Solution File, Format Version 12.00
# Visual Studio Version 16
VisualStudioVersion = 16.0.30413.136
MinimumVisualStudioVersion = 10.0.40219.1
Project("{FAE04EC0-301F-11D3-BF4B-00C04F79EFBC}") = "rc4", "rc4\rc4.csproj", "{83D37AF6-01BB-41EB-8FDD-6EBE37AFF62A}"
EndProject
Global
	GlobalSection(SolutionConfigurationPlatforms) = preSolution
		Debug|Any CPU = Debug|Any CPU
		Release|Any CPU = Release|Any CPU
	EndGlobalSection
	GlobalSection(ProjectConfigurationPlatforms) = postSolution
		{83D37AF6-01BB-41EB-8FDD-6EBE37AFF62A}.Debug|Any CPU.ActiveCfg = Debug|Any CPU
		{83D37AF6-01BB-41EB-8FDD-6EBE37AFF62A}.Debug|Any CPU.Build.0 = Debug|Any CPU
		{83D37AF6-01BB-41EB-8FDD-6EBE37AFF62A}.Release|Any CPU.ActiveCfg = Release|Any CPU
		{83D37AF6-01BB-41EB-8FDD-6EBE37AFF62A}.Release|Any CPU.Build.0 = Release|Any CPU
	EndGlobalSection
	GlobalSection(SolutionProperties) = preSolution
		HideSolutionNode = FALSE
	EndGlobalSection
	GlobalSection(ExtensibilityGlobals) = postSolution
		SolutionGuid = {AA493C26-758A-4F3F-8562-EA8421627AA1}
	EndGlobalSection
EndGlobal
